
Microsoft Visual Studio Solution File, Format Version 12.00
# Visual Studio Version 16
VisualStudioVersion = 16.0.30523.141
MinimumVisualStudioVersion = 10.0.40219.1
Project("{9A19103F-16F7-4668-BE54-9A1E7A4F7556}") = "SignalRChat", "SignalRChat\SignalRChat.csproj", "{FF571D03-687F-4368-B512-913551E73FC3}"
EndProject
Project("{9A19103F-16F7-4668-BE54-9A1E7A4F7556}") = "Angular", "Angular\Angular.csproj", "{645984D9-741F-4941-9DD3-CC7C098A7826}"
	ProjectSection(ProjectDependencies) = postProject
		{FF571D03-687F-4368-B512-913551E73FC3} = {FF571D03-687F-4368-B512-913551E73FC3}
	EndProjectSection
EndProject
Global
	GlobalSection(SolutionConfigurationPlatforms) = preSolution
		Debug|Any CPU = Debug|Any CPU
		Release|Any CPU = Release|Any CPU
	EndGlobalSection
	GlobalSection(ProjectConfigurationPlatforms) = postSolution
		{FF571D03-687F-4368-B512-913551E73FC3}.Debug|Any CPU.ActiveCfg = Debug|Any CPU
		{FF571D03-687F-4368-B512-913551E73FC3}.Debug|Any CPU.Build.0 = Debug|Any CPU
		{FF571D03-687F-4368-B512-913551E73FC3}.Release|Any CPU.ActiveCfg = Release|Any CPU
		{FF571D03-687F-4368-B512-913551E73FC3}.Release|Any CPU.Build.0 = Release|Any CPU
		{645984D9-741F-4941-9DD3-CC7C098A7826}.Debug|Any CPU.ActiveCfg = Debug|Any CPU
		{645984D9-741F-4941-9DD3-CC7C098A7826}.Debug|Any CPU.Build.0 = Debug|Any CPU
		{645984D9-741F-4941-9DD3-CC7C098A7826}.Release|Any CPU.ActiveCfg = Release|Any CPU
		{645984D9-741F-4941-9DD3-CC7C098A7826}.Release|Any CPU.Build.0 = Release|Any CPU
	EndGlobalSection
	GlobalSection(SolutionProperties) = preSolution
		HideSolutionNode = FALSE
	EndGlobalSection
	GlobalSection(ExtensibilityGlobals) = postSolution
		SolutionGuid = {F8F1A09E-E6DC-4CF4-9486-B00B43E880D0}
	EndGlobalSection
EndGlobal
